
Microsoft Visual Studio Solution File, Format Version 12.00
# Visual Studio Version 17
VisualStudioVersion = 17.2.32526.322
MinimumVisualStudioVersion = 10.0.40219.1
Project("{FAE04EC0-301F-11D3-BF4B-00C04F79EFBC}") = "CookingSuggester.Server", "Server\CookingSuggester.Server.csproj", "{AA098C1E-9C50-4E9C-B045-7DEE3036CABE}"
EndProject
Project("{FAE04EC0-301F-11D3-BF4B-00C04F79EFBC}") = "CookingSuggester.Client", "Client\CookingSuggester.Client.csproj", "{6B21322D-4457-4404-8D64-8D4F6BEDDA7F}"
EndProject
Project("{FAE04EC0-301F-11D3-BF4B-00C04F79EFBC}") = "CookingSuggester.Shared", "Shared\CookingSuggester.Shared.csproj", "{C7363CA8-726E-4706-86DC-97C385615D9D}"
EndProject
Global
	GlobalSection(SolutionConfigurationPlatforms) = preSolution
		Debug|Any CPU = Debug|Any CPU
		Release|Any CPU = Release|Any CPU
	EndGlobalSection
	GlobalSection(ProjectConfigurationPlatforms) = postSolution
		{AA098C1E-9C50-4E9C-B045-7DEE3036CABE}.Debug|Any CPU.ActiveCfg = Debug|Any CPU
		{AA098C1E-9C50-4E9C-B045-7DEE3036CABE}.Debug|Any CPU.Build.0 = Debug|Any CPU
		{AA098C1E-9C50-4E9C-B045-7DEE3036CABE}.Release|Any CPU.ActiveCfg = Release|Any CPU
		{AA098C1E-9C50-4E9C-B045-7DEE3036CABE}.Release|Any CPU.Build.0 = Release|Any CPU
		{6B21322D-4457-4404-8D64-8D4F6BEDDA7F}.Debug|Any CPU.ActiveCfg = Debug|Any CPU
		{6B21322D-4457-4404-8D64-8D4F6BEDDA7F}.Debug|Any CPU.Build.0 = Debug|Any CPU
		{6B21322D-4457-4404-8D64-8D4F6BEDDA7F}.Release|Any CPU.ActiveCfg = Release|Any CPU
		{6B21322D-4457-4404-8D64-8D4F6BEDDA7F}.Release|Any CPU.Build.0 = Release|Any CPU
		{C7363CA8-726E-4706-86DC-97C385615D9D}.Debug|Any CPU.ActiveCfg = Debug|Any CPU
		{C7363CA8-726E-4706-86DC-97C385615D9D}.Debug|Any CPU.Build.0 = Debug|Any CPU
		{C7363CA8-726E-4706-86DC-97C385615D9D}.Release|Any CPU.ActiveCfg = Release|Any CPU
		{C7363CA8-726E-4706-86DC-97C385615D9D}.Release|Any CPU.Build.0 = Release|Any CPU
	EndGlobalSection
	GlobalSection(SolutionProperties) = preSolution
		HideSolutionNode = FALSE
	EndGlobalSection
	GlobalSection(ExtensibilityGlobals) = postSolution
		SolutionGuid = {319487E1-40F1-4C4E-93B0-1DF58E70ADB0}
	EndGlobalSection
EndGlobal
